
Microsoft Visual Studio Solution File, Format Version 12.00
# Visual Studio Version 17
VisualStudioVersion = 17.1.32421.90
MinimumVisualStudioVersion = 10.0.40219.1
Project("{FAE04EC0-301F-11D3-BF4B-00C04F79EFBC}") = "RWA-Projekt-WebForms", "RWA-Projekt-WebForms\RWA-Projekt-WebForms.csproj", "{89B2A605-E83D-4E41-8D32-D8B85DDB2A06}"
EndProject
Project("{FAE04EC0-301F-11D3-BF4B-00C04F79EFBC}") = "rwaLib", "rwaLib\rwaLib.csproj", "{C1C6312B-8269-4385-88C0-FB9E57E7A694}"
EndProject
Project("{FAE04EC0-301F-11D3-BF4B-00C04F79EFBC}") = "RWA-Projekt-MVC", "RWA-Projekt-MVC\RWA-Projekt-MVC.csproj", "{93480A68-A0B6-486E-8622-B4C95E4AC9EB}"
EndProject
Global
	GlobalSection(SolutionConfigurationPlatforms) = preSolution
		Debug|Any CPU = Debug|Any CPU
		Release|Any CPU = Release|Any CPU
	EndGlobalSection
	GlobalSection(ProjectConfigurationPlatforms) = postSolution
		{89B2A605-E83D-4E41-8D32-D8B85DDB2A06}.Debug|Any CPU.ActiveCfg = Debug|Any CPU
		{89B2A605-E83D-4E41-8D32-D8B85DDB2A06}.Debug|Any CPU.Build.0 = Debug|Any CPU
		{89B2A605-E83D-4E41-8D32-D8B85DDB2A06}.Release|Any CPU.ActiveCfg = Release|Any CPU
		{89B2A605-E83D-4E41-8D32-D8B85DDB2A06}.Release|Any CPU.Build.0 = Release|Any CPU
		{C1C6312B-8269-4385-88C0-FB9E57E7A694}.Debug|Any CPU.ActiveCfg = Debug|Any CPU
		{C1C6312B-8269-4385-88C0-FB9E57E7A694}.Debug|Any CPU.Build.0 = Debug|Any CPU
		{C1C6312B-8269-4385-88C0-FB9E57E7A694}.Release|Any CPU.ActiveCfg = Release|Any CPU
		{C1C6312B-8269-4385-88C0-FB9E57E7A694}.Release|Any CPU.Build.0 = Release|Any CPU
		{93480A68-A0B6-486E-8622-B4C95E4AC9EB}.Debug|Any CPU.ActiveCfg = Debug|Any CPU
		{93480A68-A0B6-486E-8622-B4C95E4AC9EB}.Debug|Any CPU.Build.0 = Debug|Any CPU
		{93480A68-A0B6-486E-8622-B4C95E4AC9EB}.Release|Any CPU.ActiveCfg = Release|Any CPU
		{93480A68-A0B6-486E-8622-B4C95E4AC9EB}.Release|Any CPU.Build.0 = Release|Any CPU
	EndGlobalSection
	GlobalSection(SolutionProperties) = preSolution
		HideSolutionNode = FALSE
	EndGlobalSection
	GlobalSection(ExtensibilityGlobals) = postSolution
		SolutionGuid = {15750B15-4A63-4CED-A0DA-25E9A253CEBA}
	EndGlobalSection
EndGlobal
